Microsoft Visual Studio Solution File, Format Version 12.00
# Visual Studio Version 17
VisualStudioVersion = 17.0.31903.59
MinimumVisualStudioVersion = 10.0.40219.1
Project("{2150E333-8FDC-42A3-9474-1A3956D46DE8}") = "src", "src", "{2711FAF7-183F-4E2F-8CC6-34666B5364A5}"
EndProject
Project("{FAE04EC0-301F-11D3-BF4B-00C04F79EFBC}") = "TenantIdentityService", "src\TenantIdentityService\TenantIdentityService.csproj", "{E09E4284-CD7B-4075-8A9D-E635809B5EC6}"
EndProject
Project("{FAE04EC0-301F-11D3-BF4B-00C04F79EFBC}") = "TaxComplianceService", "src\TaxComplianceService\TaxComplianceService.csproj", "{15D570C4-2B56-4030-AB4A-FE1D7628C788}"
EndProject
Project("{FAE04EC0-301F-11D3-BF4B-00C04F79EFBC}") = "POSCartService", "src\POSCartService\POSCartService.csproj", "{4012A460-CA04-4ADF-AA1B-ADC7DBF1978A}"
EndProject
Project("{FAE04EC0-301F-11D3-BF4B-00C04F79EFBC}") = "SupplyChainService", "src\SupplyChainService\SupplyChainService.csproj", "{DD646B8B-EA53-4A1B-AE6F-43A8B5DF2660}"
EndProject
Project("{FAE04EC0-301F-11D3-BF4B-00C04F79EFBC}") = "CatalogPricingService", "src\CatalogPricingService\CatalogPricingService.csproj", "{5E3D4A90-9289-4244-86A6-564AD8F89CB8}"
EndProject
Project("{FAE04EC0-301F-11D3-BF4B-00C04F79EFBC}") = "WarehouseInventoryService", "src\WarehouseInventoryService\WarehouseInventoryService.csproj", "{03FBB9B0-0AA3-462A-8B5B-BF971D80E918}"
EndProject
Project("{FAE04EC0-301F-11D3-BF4B-00C04F79EFBC}") = "AnalyticsNotificationService", "src\AnalyticsNotificationService\AnalyticsNotificationService.csproj", "{8E1CB1C7-AEB0-475B-A27A-90D4964E2FCD}"
EndProject
Project("{FAE04EC0-301F-11D3-BF4B-00C04F79EFBC}") = "LoyaltyCustomerService", "src\LoyaltyCustomerService\LoyaltyCustomerService.csproj", "{ABDA975A-8562-47C4-932D-4114B6DB5192}"
EndProject
Global
	GlobalSection(SolutionConfigurationPlatforms) = preSolution
		Debug|Any CPU = Debug|Any CPU
		Release|Any CPU = Release|Any CPU
	EndGlobalSection
	GlobalSection(SolutionProperties) = preSolution
		HideSolutionNode = FALSE
	EndGlobalSection
	GlobalSection(ProjectConfigurationPlatforms) = postSolution
		{E09E4284-CD7B-4075-8A9D-E635809B5EC6}.Debug|Any CPU.ActiveCfg = Debug|Any CPU
		{E09E4284-CD7B-4075-8A9D-E635809B5EC6}.Debug|Any CPU.Build.0 = Debug|Any CPU
		{E09E4284-CD7B-4075-8A9D-E635809B5EC6}.Release|Any CPU.ActiveCfg = Release|Any CPU
		{E09E4284-CD7B-4075-8A9D-E635809B5EC6}.Release|Any CPU.Build.0 = Release|Any CPU
		{15D570C4-2B56-4030-AB4A-FE1D7628C788}.Debug|Any CPU.ActiveCfg = Debug|Any CPU
		{15D570C4-2B56-4030-AB4A-FE1D7628C788}.Debug|Any CPU.Build.0 = Debug|Any CPU
		{15D570C4-2B56-4030-AB4A-FE1D7628C788}.Release|Any CPU.ActiveCfg = Release|Any CPU
		{15D570C4-2B56-4030-AB4A-FE1D7628C788}.Release|Any CPU.Build.0 = Release|Any CPU
		{4012A460-CA04-4ADF-AA1B-ADC7DBF1978A}.Debug|Any CPU.ActiveCfg = Debug|Any CPU
		{4012A460-CA04-4ADF-AA1B-ADC7DBF1978A}.Debug|Any CPU.Build.0 = Debug|Any CPU
		{4012A460-CA04-4ADF-AA1B-ADC7DBF1978A}.Release|Any CPU.ActiveCfg = Release|Any CPU
		{4012A460-CA04-4ADF-AA1B-ADC7DBF1978A}.Release|Any CPU.Build.0 = Release|Any CPU
		{DD646B8B-EA53-4A1B-AE6F-43A8B5DF2660}.Debug|Any CPU.ActiveCfg = Debug|Any CPU
		{DD646B8B-EA53-4A1B-AE6F-43A8B5DF2660}.Debug|Any CPU.Build.0 = Debug|Any CPU
		{DD646B8B-EA53-4A1B-AE6F-43A8B5DF2660}.Release|Any CPU.ActiveCfg = Release|Any CPU
		{DD646B8B-EA53-4A1B-AE6F-43A8B5DF2660}.Release|Any CPU.Build.0 = Release|Any CPU
		{5E3D4A90-9289-4244-86A6-564AD8F89CB8}.Debug|Any CPU.ActiveCfg = Debug|Any CPU
		{5E3D4A90-9289-4244-86A6-564AD8F89CB8}.Debug|Any CPU.Build.0 = Debug|Any CPU
		{5E3D4A90-9289-4244-86A6-564AD8F89CB8}.Release|Any CPU.ActiveCfg = Release|Any CPU
		{5E3D4A90-9289-4244-86A6-564AD8F89CB8}.Release|Any CPU.Build.0 = Release|Any CPU
		{03FBB9B0-0AA3-462A-8B5B-BF971D80E918}.Debug|Any CPU.ActiveCfg = Debug|Any CPU
		{03FBB9B0-0AA3-462A-8B5B-BF971D80E918}.Debug|Any CPU.Build.0 = Debug|Any CPU
		{03FBB9B0-0AA3-462A-8B5B-BF971D80E918}.Release|Any CPU.ActiveCfg = Release|Any CPU
		{03FBB9B0-0AA3-462A-8B5B-BF971D80E918}.Release|Any CPU.Build.0 = Release|Any CPU
		{8E1CB1C7-AEB0-475B-A27A-90D4964E2FCD}.Debug|Any CPU.ActiveCfg = Debug|Any CPU
		{8E1CB1C7-AEB0-475B-A27A-90D4964E2FCD}.Debug|Any CPU.Build.0 = Debug|Any CPU
		{8E1CB1C7-AEB0-475B-A27A-90D4964E2FCD}.Release|Any CPU.ActiveCfg = Release|Any CPU
		{8E1CB1C7-AEB0-475B-A27A-90D4964E2FCD}.Release|Any CPU.Build.0 = Release|Any CPU
		{ABDA975A-8562-47C4-932D-4114B6DB5192}.Debug|Any CPU.ActiveCfg = Debug|Any CPU
		{ABDA975A-8562-47C4-932D-4114B6DB5192}.Debug|Any CPU.Build.0 = Debug|Any CPU
		{ABDA975A-8562-47C4-932D-4114B6DB5192}.Release|Any CPU.ActiveCfg = Release|Any CPU
		{ABDA975A-8562-47C4-932D-4114B6DB5192}.Release|Any CPU.Build.0 = Release|Any CPU
	EndGlobalSection
	GlobalSection(NestedProjects) = preSolution
		{E09E4284-CD7B-4075-8A9D-E635809B5EC6} = {2711FAF7-183F-4E2F-8CC6-34666B5364A5}
		{15D570C4-2B56-4030-AB4A-FE1D7628C788} = {2711FAF7-183F-4E2F-8CC6-34666B5364A5}
		{4012A460-CA04-4ADF-AA1B-ADC7DBF1978A} = {2711FAF7-183F-4E2F-8CC6-34666B5364A5}
		{DD646B8B-EA53-4A1B-AE6F-43A8B5DF2660} = {2711FAF7-183F-4E2F-8CC6-34666B5364A5}
		{5E3D4A90-9289-4244-86A6-564AD8F89CB8} = {2711FAF7-183F-4E2F-8CC6-34666B5364A5}
		{03FBB9B0-0AA3-462A-8B5B-BF971D80E918} = {2711FAF7-183F-4E2F-8CC6-34666B5364A5}
		{8E1CB1C7-AEB0-475B-A27A-90D4964E2FCD} = {2711FAF7-183F-4E2F-8CC6-34666B5364A5}
		{ABDA975A-8562-47C4-932D-4114B6DB5192} = {2711FAF7-183F-4E2F-8CC6-34666B5364A5}
	EndGlobalSection
EndGlobal
